
Microsoft Visual Studio Solution File, Format Version 12.00
# Visual Studio 15
VisualStudioVersion = 15.0.28307.645
MinimumVisualStudioVersion = 10.0.40219.1
Project("{FAE04EC0-301F-11D3-BF4B-00C04F79EFBC}") = "TestTaskGlobalLogic", "TestTaskGlobalLogic\TestTaskGlobalLogic.csproj", "{F86B7970-9C94-431C-AD10-61A7F17C8779}"
EndProject
Global
	GlobalSection(SolutionConfigurationPlatforms) = preSolution
		Debug|Any CPU = Debug|Any CPU
		Release|Any CPU = Release|Any CPU
	EndGlobalSection
	GlobalSection(ProjectConfigurationPlatforms) = postSolution
		{F86B7970-9C94-431C-AD10-61A7F17C8779}.Debug|Any CPU.ActiveCfg = Debug|Any CPU
		{F86B7970-9C94-431C-AD10-61A7F17C8779}.Debug|Any CPU.Build.0 = Debug|Any CPU
		{F86B7970-9C94-431C-AD10-61A7F17C8779}.Release|Any CPU.ActiveCfg = Release|Any CPU
		{F86B7970-9C94-431C-AD10-61A7F17C8779}.Release|Any CPU.Build.0 = Release|Any CPU
	EndGlobalSection
	GlobalSection(SolutionProperties) = preSolution
		HideSolutionNode = FALSE
	EndGlobalSection
	GlobalSection(ExtensibilityGlobals) = postSolution
		SolutionGuid = {B6F2F3D5-4E0E-4937-8470-0A9FE93A4401}
	EndGlobalSection
EndGlobal
